
Microsoft Visual Studio Solution File, Format Version 12.00
# Visual Studio Version 17
VisualStudioVersion = 17.6.33829.357
MinimumVisualStudioVersion = 10.0.40219.1
Project("{9A19103F-16F7-4668-BE54-9A1E7A4F7556}") = "JavaToCSharp", "JavaToCSharp\JavaToCSharp.csproj", "{EDCE2F7C-299E-4FEA-870F-87C201FB2E43}"
EndProject
Project("{2150E333-8FDC-42A3-9474-1A3956D46DE8}") = "Lib", "Lib", "{7A18D136-8A66-4B98-8D8E-9C210E0C8D2D}"
	ProjectSection(SolutionItems) = preProject
		Lib\javaparser-core-3.25.4.jar = Lib\javaparser-core-3.25.4.jar
	EndProjectSection
EndProject
Project("{9A19103F-16F7-4668-BE54-9A1E7A4F7556}") = "JavaToCSharpCli", "JavaToCSharpCli\JavaToCSharpCli.csproj", "{8C56AE52-8E0F-438F-9B5B-87B891D70861}"
EndProject
Project("{9A19103F-16F7-4668-BE54-9A1E7A4F7556}") = "JavaToCSharpGui", "JavaToCSharpGui\JavaToCSharpGui.csproj", "{DAA3F412-0460-40C3-98F7-3244649820F9}"
EndProject
Project("{2150E333-8FDC-42A3-9474-1A3956D46DE8}") = "Solution Items", "Solution Items", "{E8E0DCFE-ED61-442C-9F4B-36433D6949DF}"
	ProjectSection(SolutionItems) = preProject
		.editorconfig = .editorconfig
	EndProjectSection
EndProject
Project("{9A19103F-16F7-4668-BE54-9A1E7A4F7556}") = "JavaToCSharp.Tests", "JavaToCSharp.Tests\JavaToCSharp.Tests.csproj", "{0CBBEF05-FD79-474A-A5F0-25B341B8B77D}"
EndProject
Project("{2150E333-8FDC-42A3-9474-1A3956D46DE8}") = "Tests", "Tests", "{DE56E074-10C7-47BA-8E8A-DAB0F3F92181}"
EndProject
Global
	GlobalSection(SolutionConfigurationPlatforms) = preSolution
		Debug|Any CPU = Debug|Any CPU
		Release|Any CPU = Release|Any CPU
	EndGlobalSection
	GlobalSection(ProjectConfigurationPlatforms) = postSolution
		{EDCE2F7C-299E-4FEA-870F-87C201FB2E43}.Debug|Any CPU.ActiveCfg = Debug|Any CPU
		{EDCE2F7C-299E-4FEA-870F-87C201FB2E43}.Release|Any CPU.ActiveCfg = Release|Any CPU
		{EDCE2F7C-299E-4FEA-870F-87C201FB2E43}.Release|Any CPU.Build.0 = Release|Any CPU
		{8C56AE52-8E0F-438F-9B5B-87B891D70861}.Debug|Any CPU.ActiveCfg = Debug|Any CPU
		{8C56AE52-8E0F-438F-9B5B-87B891D70861}.Release|Any CPU.ActiveCfg = Release|Any CPU
		{8C56AE52-8E0F-438F-9B5B-87B891D70861}.Release|Any CPU.Build.0 = Release|Any CPU
		{DAA3F412-0460-40C3-98F7-3244649820F9}.Debug|Any CPU.ActiveCfg = Debug|Any CPU
		{DAA3F412-0460-40C3-98F7-3244649820F9}.Debug|Any CPU.Build.0 = Debug|Any CPU
		{DAA3F412-0460-40C3-98F7-3244649820F9}.Release|Any CPU.ActiveCfg = Release|Any CPU
		{DAA3F412-0460-40C3-98F7-3244649820F9}.Release|Any CPU.Build.0 = Release|Any CPU
		{0CBBEF05-FD79-474A-A5F0-25B341B8B77D}.Debug|Any CPU.ActiveCfg = Debug|Any CPU
		{0CBBEF05-FD79-474A-A5F0-25B341B8B77D}.Release|Any CPU.ActiveCfg = Release|Any CPU
		{0CBBEF05-FD79-474A-A5F0-25B341B8B77D}.Release|Any CPU.Build.0 = Release|Any CPU
	EndGlobalSection
	GlobalSection(SolutionProperties) = preSolution
		HideSolutionNode = FALSE
	EndGlobalSection
	GlobalSection(NestedProjects) = preSolution
		{0CBBEF05-FD79-474A-A5F0-25B341B8B77D} = {DE56E074-10C7-47BA-8E8A-DAB0F3F92181}
	EndGlobalSection
	GlobalSection(ExtensibilityGlobals) = postSolution
		SolutionGuid = {EB538484-5025-4753-B0A5-2C66A6C06193}
	EndGlobalSection
EndGlobal
