
Microsoft Visual Studio Solution File, Format Version 12.00
# Visual Studio 2012
Project("{FAE04EC0-301F-11D3-BF4B-00C04F79EFBC}") = "JavaToCSharp", "JavaToCSharp\JavaToCSharp.csproj", "{EDCE2F7C-299E-4FEA-870F-87C201FB2E43}"
EndProject
Project("{2150E333-8FDC-42A3-9474-1A3956D46DE8}") = "Lib", "Lib", "{7A18D136-8A66-4B98-8D8E-9C210E0C8D2D}"
	ProjectSection(SolutionItems) = preProject
		Lib\javaparser-1.0.11-SNAPSHOT.dll = Lib\javaparser-1.0.11-SNAPSHOT.dll
		Lib\javaparser-1.0.11-SNAPSHOT.jar = Lib\javaparser-1.0.11-SNAPSHOT.jar
	EndProjectSection
EndProject
Project("{FAE04EC0-301F-11D3-BF4B-00C04F79EFBC}") = "JavaToCSharpCli", "JavaToCSharpCli\JavaToCSharpCli.csproj", "{8C56AE52-8E0F-438F-9B5B-87B891D70861}"
EndProject
Project("{FAE04EC0-301F-11D3-BF4B-00C04F79EFBC}") = "JavaToCSharpGui", "JavaToCSharpGui\JavaToCSharpGui.csproj", "{DAA3F412-0460-40C3-98F7-3244649820F9}"
EndProject
Global
	GlobalSection(SolutionConfigurationPlatforms) = preSolution
		Debug|Any CPU = Debug|Any CPU
		Release|Any CPU = Release|Any CPU
	EndGlobalSection
	GlobalSection(ProjectConfigurationPlatforms) = postSolution
		{EDCE2F7C-299E-4FEA-870F-87C201FB2E43}.Debug|Any CPU.ActiveCfg = Debug|Any CPU
		{EDCE2F7C-299E-4FEA-870F-87C201FB2E43}.Debug|Any CPU.Build.0 = Debug|Any CPU
		{EDCE2F7C-299E-4FEA-870F-87C201FB2E43}.Release|Any CPU.ActiveCfg = Release|Any CPU
		{EDCE2F7C-299E-4FEA-870F-87C201FB2E43}.Release|Any CPU.Build.0 = Release|Any CPU
		{8C56AE52-8E0F-438F-9B5B-87B891D70861}.Debug|Any CPU.ActiveCfg = Debug|Any CPU
		{8C56AE52-8E0F-438F-9B5B-87B891D70861}.Debug|Any CPU.Build.0 = Debug|Any CPU
		{8C56AE52-8E0F-438F-9B5B-87B891D70861}.Release|Any CPU.ActiveCfg = Release|Any CPU
		{8C56AE52-8E0F-438F-9B5B-87B891D70861}.Release|Any CPU.Build.0 = Release|Any CPU
		{DAA3F412-0460-40C3-98F7-3244649820F9}.Debug|Any CPU.ActiveCfg = Debug|Any CPU
		{DAA3F412-0460-40C3-98F7-3244649820F9}.Debug|Any CPU.Build.0 = Debug|Any CPU
		{DAA3F412-0460-40C3-98F7-3244649820F9}.Release|Any CPU.ActiveCfg = Release|Any CPU
		{DAA3F412-0460-40C3-98F7-3244649820F9}.Release|Any CPU.Build.0 = Release|Any CPU
	EndGlobalSection
	GlobalSection(SolutionProperties) = preSolution
		HideSolutionNode = FALSE
	EndGlobalSection
EndGlobal
